// !$*UTF8*$!
{
	archiveVersion = 1;
	classes = {
	};
	objectVersion = 50;
	objects = {

/* Begin PBXBuildFile section */
		8474F23E23F10328004F9696 /* AppDelegate.swift in Sources */ = {isa = PBXBuildFile; fileRef = 8474F23D23F10328004F9696 /* AppDelegate.swift */; };
		8474F24023F10328004F9696 /* SceneDelegate.swift in Sources */ = {isa = PBXBuildFile; fileRef = 8474F23F23F10328004F9696 /* SceneDelegate.swift */; };
		8474F24223F10328004F9696 /* ViewController.swift in Sources */ = {isa = PBXBuildFile; fileRef = 8474F24123F10328004F9696 /* ViewController.swift */; };
		8474F24523F10328004F9696 /* Main.storyboard in Resources */ = {isa = PBXBuildFile; fileRef = 8474F24323F10328004F9696 /* Main.storyboard */; };
		8474F24723F10329004F9696 /* Assets.xcassets in Resources */ = {isa = PBXBuildFile; fileRef = 8474F24623F10329004F9696 /* Assets.xcassets */; };
		8474F24A23F10329004F9696 /* LaunchScreen.storyboard in Resources */ = {isa = PBXBuildFile; fileRef = 8474F24823F10329004F9696 /* LaunchScreen.storyboard */; };
		84E542A724025A5700C81FDC /* RateMeView.swift in Sources */ = {isa = PBXBuildFile; fileRef = 84E542A624025A5600C81FDC /* RateMeView.swift */; };
		84E542A924025D5800C81FDC /* Alert.swift in Sources */ = {isa = PBXBuildFile; fileRef = 84E542A824025D5800C81FDC /* Alert.swift */; };
		84E542B02402603F00C81FDC /* TipManager.swift in Sources */ = {isa = PBXBuildFile; fileRef = 84E542AB2402603F00C81FDC /* TipManager.swift */; };
		84E542B12402603F00C81FDC /* BaseTipView.swift in Sources */ = {isa = PBXBuildFile; fileRef = 84E542AC2402603F00C81FDC /* BaseTipView.swift */; };
		84E542B22402603F00C81FDC /* Notification.swift in Sources */ = {isa = PBXBuildFile; fileRef = 84E542AD2402603F00C81FDC /* Notification.swift */; };
		84E542B32402603F00C81FDC /* BaseTipController.swift in Sources */ = {isa = PBXBuildFile; fileRef = 84E542AE2402603F00C81FDC /* BaseTipController.swift */; };
		84E542B42402603F00C81FDC /* UIViewController + Extension.swift in Sources */ = {isa = PBXBuildFile; fileRef = 84E542AF2402603F00C81FDC /* UIViewController + Extension.swift */; };
/* End PBXBuildFile section */

/* Begin PBXCopyFilesBuildPhase section */
		84E542882401468700C81FDC /* Embed Frameworks */ = {
			isa = PBXCopyFilesBuildPhase;
			buildActionMask = 2147483647;
			dstPath = "";
			dstSubfolderSpec = 10;
			files = (
			);
			name = "Embed Frameworks";
			runOnlyForDeploymentPostprocessing = 0;
		};
/* End PBXCopyFilesBuildPhase section */

/* Begin PBXFileReference section */
		8474F23A23F10328004F9696 /* TipManagerDemo.app */ = {isa = PBXFileReference; explicitFileType = wrapper.application; includeInIndex = 0; path = TipManagerDemo.app; sourceTree = BUILT_PRODUCTS_DIR; };
		8474F23D23F10328004F9696 /* AppDelegate.swift */ = {isa = PBXFileReference; lastKnownFileType = sourcecode.swift; path = AppDelegate.swift; sourceTree = "<group>"; };
		8474F23F23F10328004F9696 /* SceneDelegate.swift */ = {isa = PBXFileReference; lastKnownFileType = sourcecode.swift; path = SceneDelegate.swift; sourceTree = "<group>"; };
		8474F24123F10328004F9696 /* ViewController.swift */ = {isa = PBXFileReference; lastKnownFileType = sourcecode.swift; path = ViewController.swift; sourceTree = "<group>"; };
		8474F24423F10328004F9696 /* Base */ = {isa = PBXFileReference; lastKnownFileType = file.storyboard; name = Base; path = Base.lproj/Main.storyboard; sourceTree = "<group>"; };
		8474F24623F10329004F9696 /* Assets.xcassets */ = {isa = PBXFileReference; lastKnownFileType = folder.assetcatalog; path = Assets.xcassets; sourceTree = "<group>"; };
		8474F24923F10329004F9696 /* Base */ = {isa = PBXFileReference; lastKnownFileType = file.storyboard; name = Base; path = Base.lproj/LaunchScreen.storyboard; sourceTree = "<group>"; };
		8474F24B23F10329004F9696 /* Info.plist */ = {isa = PBXFileReference; lastKnownFileType = text.plist.xml; path = Info.plist; sourceTree = "<group>"; };
		84E542A624025A5600C81FDC /* RateMeView.swift */ = {isa = PBXFileReference; lastKnownFileType = sourcecode.swift; path = RateMeView.swift; sourceTree = "<group>"; };
		84E542A824025D5800C81FDC /* Alert.swift */ = {isa = PBXFileReference; lastKnownFileType = sourcecode.swift; path = Alert.swift; sourceTree = "<group>"; };
		84E542AB2402603F00C81FDC /* TipManager.swift */ = {isa = PBXFileReference; fileEncoding = 4; lastKnownFileType = sourcecode.swift; path = TipManager.swift; sourceTree = "<group>"; };
		84E542AC2402603F00C81FDC /* BaseTipView.swift */ = {isa = PBXFileReference; fileEncoding = 4; lastKnownFileType = sourcecode.swift; path = BaseTipView.swift; sourceTree = "<group>"; };
		84E542AD2402603F00C81FDC /* Notification.swift */ = {isa = PBXFileReference; fileEncoding = 4; lastKnownFileType = sourcecode.swift; path = Notification.swift; sourceTree = "<group>"; };
		84E542AE2402603F00C81FDC /* BaseTipController.swift */ = {isa = PBXFileReference; fileEncoding = 4; lastKnownFileType = sourcecode.swift; path = BaseTipController.swift; sourceTree = "<group>"; };
		84E542AF2402603F00C81FDC /* UIViewController + Extension.swift */ = {isa = PBXFileReference; fileEncoding = 4; lastKnownFileType = sourcecode.swift; path = "UIViewController + Extension.swift"; sourceTree = "<group>"; };
/* End PBXFileReference section */

/* Begin PBXFrameworksBuildPhase section */
		8474F23723F10328004F9696 /* Frameworks */ = {
			isa = PBXFrameworksBuildPhase;
			buildActionMask = 2147483647;
			files = (
			);
			runOnlyForDeploymentPostprocessing = 0;
		};
/* End PBXFrameworksBuildPhase section */

/* Begin PBXGroup section */
		8474F23123F10328004F9696 = {
			isa = PBXGroup;
			children = (
				8474F23C23F10328004F9696 /* TipManagerDemo */,
				8474F23B23F10328004F9696 /* Products */,
			);
			sourceTree = "<group>";
		};
		8474F23B23F10328004F9696 /* Products */ = {
			isa = PBXGroup;
			children = (
				8474F23A23F10328004F9696 /* TipManagerDemo.app */,
			);
			name = Products;
			sourceTree = "<group>";
		};
		8474F23C23F10328004F9696 /* TipManagerDemo */ = {
			isa = PBXGroup;
			children = (
				84E542AA2402600900C81FDC /* TipManager */,
				8474F23D23F10328004F9696 /* AppDelegate.swift */,
				8474F23F23F10328004F9696 /* SceneDelegate.swift */,
				8474F24123F10328004F9696 /* ViewController.swift */,
				84E542A624025A5600C81FDC /* RateMeView.swift */,
				84E542A824025D5800C81FDC /* Alert.swift */,
				8474F24323F10328004F9696 /* Main.storyboard */,
				8474F24623F10329004F9696 /* Assets.xcassets */,
				8474F24823F10329004F9696 /* LaunchScreen.storyboard */,
				8474F24B23F10329004F9696 /* Info.plist */,
			);
			path = TipManagerDemo;
			sourceTree = "<group>";
		};
		84E542AA2402600900C81FDC /* TipManager */ = {
			isa = PBXGroup;
			children = (
				84E542AE2402603F00C81FDC /* BaseTipController.swift */,
				84E542AC2402603F00C81FDC /* BaseTipView.swift */,
				84E542AD2402603F00C81FDC /* Notification.swift */,
				84E542AB2402603F00C81FDC /* TipManager.swift */,
				84E542AF2402603F00C81FDC /* UIViewController + Extension.swift */,
			);
			path = TipManager;
			sourceTree = "<group>";
		};
/* End PBXGroup section */

/* Begin PBXNativeTarget section */
		8474F23923F10328004F9696 /* TipManagerDemo */ = {
			isa = PBXNativeTarget;
			buildConfigurationList = 8474F24E23F10329004F9696 /* Build configuration list for PBXNativeTarget "TipManagerDemo" */;
			buildPhases = (
				8474F23623F10328004F9696 /* Sources */,
				8474F23723F10328004F9696 /* Frameworks */,
				8474F23823F10328004F9696 /* Resources */,
				84E542882401468700C81FDC /* Embed Frameworks */,
			);
			buildRules = (
			);
			dependencies = (
			);
			name = TipManagerDemo;
			productName = TipManagerDemo;
			productReference = 8474F23A23F10328004F9696 /* TipManagerDemo.app */;
			productType = "com.apple.product-type.application";
		};
/* End PBXNativeTarget section */

/* Begin PBXProject section */
		8474F23223F10328004F9696 /* Project object */ = {
			isa = PBXProject;
			attributes = {
				LastSwiftUpdateCheck = 1130;
				LastUpgradeCheck = 1130;
				ORGANIZATIONNAME = nullLuli;
				TargetAttributes = {
					8474F23923F10328004F9696 = {
						CreatedOnToolsVersion = 11.3;
					};
				};
			};
			buildConfigurationList = 8474F23523F10328004F9696 /* Build configuration list for PBXProject "TipManagerDemo" */;
			compatibilityVersion = "Xcode 9.3";
			developmentRegion = en;
			hasScannedForEncodings = 0;
			knownRegions = (
				en,
				Base,
			);
			mainGroup = 8474F23123F10328004F9696;
			productRefGroup = 8474F23B23F10328004F9696 /* Products */;
			projectDirPath = "";
			projectRoot = "";
			targets = (
				8474F23923F10328004F9696 /* TipManagerDemo */,
			);
		};
/* End PBXProject section */

/* Begin PBXResourcesBuildPhase section */
		8474F23823F10328004F9696 /* Resources */ = {
			isa = PBXResourcesBuildPhase;
			buildActionMask = 2147483647;
			files = (
				8474F24A23F10329004F9696 /* LaunchScreen.storyboard in Resources */,
				8474F24723F10329004F9696 /* Assets.xcassets in Resources */,
				8474F24523F10328004F9696 /* Main.storyboard in Resources */,
			);
			runOnlyForDeploymentPostprocessing = 0;
		};
/* End PBXResourcesBuildPhase section */

/* Begin PBXSourcesBuildPhase section */
		8474F23623F10328004F9696 /* Sources */ = {
			isa = PBXSourcesBuildPhase;
			buildActionMask = 2147483647;
			files = (
				84E542A724025A5700C81FDC /* RateMeView.swift in Sources */,
				8474F24223F10328004F9696 /* ViewController.swift in Sources */,
				84E542B12402603F00C81FDC /* BaseTipView.swift in Sources */,
				8474F23E23F10328004F9696 /* AppDelegate.swift in Sources */,
				84E542B22402603F00C81FDC /* Notification.swift in Sources */,
				84E542B02402603F00C81FDC /* TipManager.swift in Sources */,
				84E542B42402603F00C81FDC /* UIViewController + Extension.swift in Sources */,
				84E542B32402603F00C81FDC /* BaseTipController.swift in Sources */,
				84E542A924025D5800C81FDC /* Alert.swift in Sources */,
				8474F24023F10328004F9696 /* SceneDelegate.swift in Sources */,
			);
			runOnlyForDeploymentPostprocessing = 0;
		};
/* End PBXSourcesBuildPhase section */

/* Begin PBXVariantGroup section */
		8474F24323F10328004F9696 /* Main.storyboard */ = {
			isa = PBXVariantGroup;
			children = (
				8474F24423F10328004F9696 /* Base */,
			);
			name = Main.storyboard;
			sourceTree = "<group>";
		};
		8474F24823F10329004F9696 /* LaunchScreen.storyboard */ = {
			isa = PBXVariantGroup;
			children = (
				8474F24923F10329004F9696 /* Base */,
			);
			name = LaunchScreen.storyboard;
			sourceTree = "<group>";
		};
/* End PBXVariantGroup section */

/* Begin XCBuildConfiguration section */
		8474F24C23F10329004F9696 /* Debug */ = {
			isa = XCBuildConfiguration;
			buildSettings = {
				ALWAYS_SEARCH_USER_PATHS = NO;
				CLANG_ANALYZER_NONNULL = YES;
				CLANG_ANALYZER_NUMBER_OBJECT_CONVERSION = YES_AGGRESSIVE;
				CLANG_CXX_LANGUAGE_STANDARD = "gnu++14";
				CLANG_CXX_LIBRARY = "libc++";
				CLANG_ENABLE_MODULES = YES;
				CLANG_ENABLE_OBJC_ARC = YES;
				CLANG_ENABLE_OBJC_WEAK = YES;
				CLANG_WARN_BLOCK_CAPTURE_AUTORELEASING = YES;
				CLANG_WARN_BOOL_CONVERSION = YES;
				CLANG_WARN_COMMA = YES;
				CLANG_WARN_CONSTANT_CONVERSION = YES;
				CLANG_WARN_DEPRECATED_OBJC_IMPLEMENTATIONS = YES;
				CLANG_WARN_DIRECT_OBJC_ISA_USAGE = YES_ERROR;
				CLANG_WARN_DOCUMENTATION_COMMENTS = YES;
				CLANG_WARN_EMPTY_BODY = YES;
				CLANG_WARN_ENUM_CONVERSION = YES;
				CLANG_WARN_INFINITE_RECURSION = YES;
				CLANG_WARN_INT_CONVERSION = YES;
				CLANG_WARN_NON_LITERAL_NULL_CONVERSION = YES;
				CLANG_WARN_OBJC_IMPLICIT_RETAIN_SELF = YES;
				CLANG_WARN_OBJC_LITERAL_CONVERSION = YES;
				CLANG_WARN_OBJC_ROOT_CLASS = YES_ERROR;
				CLANG_WARN_RANGE_LOOP_ANALYSIS = YES;
				CLANG_WARN_STRICT_PROTOTYPES = YES;
				CLANG_WARN_SUSPICIOUS_MOVE = YES;
				CLANG_WARN_UNGUARDED_AVAILABILITY = YES_AGGRESSIVE;
				CLANG_WARN_UNREACHABLE_CODE = YES;
				CLANG_WARN__DUPLICATE_METHOD_MATCH = YES;
				COPY_PHASE_STRIP = NO;
				DEBUG_INFORMATION_FORMAT = dwarf;
				ENABLE_STRICT_OBJC_MSGSEND = YES;
				ENABLE_TESTABILITY = YES;
				GCC_C_LANGUAGE_STANDARD = gnu11;
				GCC_DYNAMIC_NO_PIC = NO;
				GCC_NO_COMMON_BLOCKS = YES;
				GCC_OPTIMIZATION_LEVEL = 0;
				GCC_PREPROCESSOR_DEFINITIONS = (
					"DEBUG=1",
					"$(inherited)",
				);
				GCC_WARN_64_TO_32_BIT_CONVERSION = YES;
				GCC_WARN_ABOUT_RETURN_TYPE = YES_ERROR;
				GCC_WARN_UNDECLARED_SELECTOR = YES;
				GCC_WARN_UNINITIALIZED_AUTOS = YES_AGGRESSIVE;
				GCC_WARN_UNUSED_FUNCTION = YES;
				GCC_WARN_UNUSED_VARIABLE = YES;
				IPHONEOS_DEPLOYMENT_TARGET = 13.2;
				MTL_ENABLE_DEBUG_INFO = INCLUDE_SOURCE;
				MTL_FAST_MATH = YES;
				ONLY_ACTIVE_ARCH = YES;
				SDKROOT = iphoneos;
				SWIFT_ACTIVE_COMPILATION_CONDITIONS = DEBUG;
				SWIFT_OPTIMIZATION_LEVEL = "-Onone";
			};
			name = Debug;
		};
		8474F24D23F10329004F9696 /* Release */ = {
			isa = XCBuildConfiguration;
			buildSettings = {
				ALWAYS_SEARCH_USER_PATHS = NO;
				CLANG_ANALYZER_NONNULL = YES;
				CLANG_ANALYZER_NUMBER_OBJECT_CONVERSION = YES_AGGRESSIVE;
				CLANG_CXX_LANGUAGE_STANDARD = "gnu++14";
				CLANG_CXX_LIBRARY = "libc++";
				CLANG_ENABLE_MODULES = YES;
				CLANG_ENABLE_OBJC_ARC = YES;
				CLANG_ENABLE_OBJC_WEAK = YES;
				CLANG_WARN_BLOCK_CAPTURE_AUTORELEASING = YES;
				CLANG_WARN_BOOL_CONVERSION = YES;
				CLANG_WARN_COMMA = YES;
				CLANG_WARN_CONSTANT_CONVERSION = YES;
				CLANG_WARN_DEPRECATED_OBJC_IMPLEMENTATIONS = YES;
				CLANG_WARN_DIRECT_OBJC_ISA_USAGE = YES_ERROR;
				CLANG_WARN_DOCUMENTATION_COMMENTS = YES;
				CLANG_WARN_EMPTY_BODY = YES;
				CLANG_WARN_ENUM_CONVERSION = YES;
				CLANG_WARN_INFINITE_RECURSION = YES;
				CLANG_WARN_INT_CONVERSION = YES;
				CLANG_WARN_NON_LITERAL_NULL_CONVERSION = YES;
				CLANG_WARN_OBJC_IMPLICIT_RETAIN_SELF = YES;
				CLANG_WARN_OBJC_LITERAL_CONVERSION = YES;
				CLANG_WARN_OBJC_ROOT_CLASS = YES_ERROR;
				CLANG_WARN_RANGE_LOOP_ANALYSIS = YES;
				CLANG_WARN_STRICT_PROTOTYPES = YES;
				CLANG_WARN_SUSPICIOUS_MOVE = YES;
				CLANG_WARN_UNGUARDED_AVAILABILITY = YES_AGGRESSIVE;
				CLANG_WARN_UNREACHABLE_CODE = YES;
				CLANG_WARN__DUPLICATE_METHOD_MATCH = YES;
				COPY_PHASE_STRIP = NO;
				DEBUG_INFORMATION_FORMAT = "dwarf-with-dsym";
				ENABLE_NS_ASSERTIONS = NO;
				ENABLE_STRICT_OBJC_MSGSEND = YES;
				GCC_C_LANGUAGE_STANDARD = gnu11;
				GCC_NO_COMMON_BLOCKS = YES;
				GCC_WARN_64_TO_32_BIT_CONVERSION = YES;
				GCC_WARN_ABOUT_RETURN_TYPE = YES_ERROR;
				GCC_WARN_UNDECLARED_SELECTOR = YES;
				GCC_WARN_UNINITIALIZED_AUTOS = YES_AGGRESSIVE;
				GCC_WARN_UNUSED_FUNCTION = YES;
				GCC_WARN_UNUSED_VARIABLE = YES;
				IPHONEOS_DEPLOYMENT_TARGET = 13.2;
				MTL_ENABLE_DEBUG_INFO = NO;
				MTL_FAST_MATH = YES;
				SDKROOT = iphoneos;
				SWIFT_COMPILATION_MODE = wholemodule;
				SWIFT_OPTIMIZATION_LEVEL = "-O";
				VALIDATE_PRODUCT = YES;
			};
			name = Release;
		};
		8474F24F23F10329004F9696 /* Debug */ = {
			isa = XCBuildConfiguration;
			buildSettings = {
				ASSETCATALOG_COMPILER_APPICON_NAME = AppIcon;
				CODE_SIGN_STYLE = Automatic;
				DEVELOPMENT_TEAM = W567PZ7SQ2;
				INFOPLIST_FILE = TipManagerDemo/Info.plist;
				LD_RUNPATH_SEARCH_PATHS = (
					"$(inherited)",
					"@executable_path/Frameworks",
				);
				PRODUCT_BUNDLE_IDENTIFIER = com.nullLuli.TipManagerDemo;
				PRODUCT_NAME = "$(TARGET_NAME)";
				SWIFT_VERSION = 5.0;
				TARGETED_DEVICE_FAMILY = "1,2";
			};
			name = Debug;
		};
		8474F25023F10329004F9696 /* Release */ = {
			isa = XCBuildConfiguration;
			buildSettings = {
				ASSETCATALOG_COMPILER_APPICON_NAME = AppIcon;
				CODE_SIGN_STYLE = Automatic;
				DEVELOPMENT_TEAM = W567PZ7SQ2;
				INFOPLIST_FILE = TipManagerDemo/Info.plist;
				LD_RUNPATH_SEARCH_PATHS = (
					"$(inherited)",
					"@executable_path/Frameworks",
				);
				PRODUCT_BUNDLE_IDENTIFIER = com.nullLuli.TipManagerDemo;
				PRODUCT_NAME = "$(TARGET_NAME)";
				SWIFT_VERSION = 5.0;
				TARGETED_DEVICE_FAMILY = "1,2";
			};
			name = Release;
		};
/* End XCBuildConfiguration section */

/* Begin XCConfigurationList section */
		8474F23523F10328004F9696 /* Build configuration list for PBXProject "TipManagerDemo" */ = {
			isa = XCConfigurationList;
			buildConfigurations = (
				8474F24C23F10329004F9696 /* Debug */,
				8474F24D23F10329004F9696 /* Release */,
			);
			defaultConfigurationIsVisible = 0;
			defaultConfigurationName = Release;
		};
		8474F24E23F10329004F9696 /* Build configuration list for PBXNativeTarget "TipManagerDemo" */ = {
			isa = XCConfigurationList;
			buildConfigurations = (
				8474F24F23F10329004F9696 /* Debug */,
				8474F25023F10329004F9696 /* Release */,
			);
			defaultConfigurationIsVisible = 0;
			defaultConfigurationName = Release;
		};
/* End XCConfigurationList section */
	};
	rootObject = 8474F23223F10328004F9696 /* Project object */;
}
